
Microsoft Visual Studio Solution File, Format Version 12.00
# Visual Studio Version 17
VisualStudioVersion = 17.8.34525.116
MinimumVisualStudioVersion = 10.0.40219.1
Project("{FAE04EC0-301F-11D3-BF4B-00C04F79EFBC}") = "Randomizer", "Randomizer.csproj", "{6CBC00AC-E687-487F-B9F0-C2CFC8D7759C}"
EndProject
Global
	GlobalSection(SolutionConfigurationPlatforms) = preSolution
		Debug|Any CPU = Debug|Any CPU
		Release|Any CPU = Release|Any CPU
	EndGlobalSection
	GlobalSection(ProjectConfigurationPlatforms) = postSolution
		{6CBC00AC-E687-487F-B9F0-C2CFC8D7759C}.Debug|Any CPU.ActiveCfg = Debug|Any CPU
		{6CBC00AC-E687-487F-B9F0-C2CFC8D7759C}.Debug|Any CPU.Build.0 = Debug|Any CPU
		{6CBC00AC-E687-487F-B9F0-C2CFC8D7759C}.Release|Any CPU.ActiveCfg = Release|Any CPU
		{6CBC00AC-E687-487F-B9F0-C2CFC8D7759C}.Release|Any CPU.Build.0 = Release|Any CPU
	EndGlobalSection
	GlobalSection(SolutionProperties) = preSolution
		HideSolutionNode = FALSE
	EndGlobalSection
	GlobalSection(ExtensibilityGlobals) = postSolution
		SolutionGuid = {005877F5-26B5-4BBE-A647-841E81C53BD1}
	EndGlobalSection
EndGlobal
